
Microsoft Visual Studio Solution File, Format Version 12.00
# Visual Studio 15
VisualStudioVersion = 15.0.27428.2027
MinimumVisualStudioVersion = 10.0.40219.1
Project("{8BC9CEB8-8B4A-11D0-8D11-00A0C91BC942}") = "Treap", "Treap\Treap.vcxproj", "{B260ABA5-891B-4C47-BAD8-EA5F44F3F822}"
EndProject
Global
	GlobalSection(SolutionConfigurationPlatforms) = preSolution
		Debug|x64 = Debug|x64
		Debug|x86 = Debug|x86
		Release|x64 = Release|x64
		Release|x86 = Release|x86
	EndGlobalSection
	GlobalSection(ProjectConfigurationPlatforms) = postSolution
		{B260ABA5-891B-4C47-BAD8-EA5F44F3F822}.Debug|x64.ActiveCfg = Debug|x64
		{B260ABA5-891B-4C47-BAD8-EA5F44F3F822}.Debug|x64.Build.0 = Debug|x64
		{B260ABA5-891B-4C47-BAD8-EA5F44F3F822}.Debug|x86.ActiveCfg = Debug|Win32
		{B260ABA5-891B-4C47-BAD8-EA5F44F3F822}.Debug|x86.Build.0 = Debug|Win32
		{B260ABA5-891B-4C47-BAD8-EA5F44F3F822}.Release|x64.ActiveCfg = Release|x64
		{B260ABA5-891B-4C47-BAD8-EA5F44F3F822}.Release|x64.Build.0 = Release|x64
		{B260ABA5-891B-4C47-BAD8-EA5F44F3F822}.Release|x86.ActiveCfg = Release|Win32
		{B260ABA5-891B-4C47-BAD8-EA5F44F3F822}.Release|x86.Build.0 = Release|Win32
	EndGlobalSection
	GlobalSection(SolutionProperties) = preSolution
		HideSolutionNode = FALSE
	EndGlobalSection
	GlobalSection(ExtensibilityGlobals) = postSolution
		SolutionGuid = {68B5AAA9-0540-44D9-948F-1F8CB46E4FD5}
	EndGlobalSection
EndGlobal
